
Microsoft Visual Studio Solution File, Format Version 12.00
# Visual Studio Version 17
VisualStudioVersion = 17.11.35222.181
MinimumVisualStudioVersion = 10.0.40219.1
Project("{9A19103F-16F7-4668-BE54-9A1E7A4F7556}") = "Lesson1", "Lesson1\Lesson1.csproj", "{095892BE-5993-4584-A092-D4039F8A3A72}"
EndProject
Project("{9A19103F-16F7-4668-BE54-9A1E7A4F7556}") = "Lesson2", "Lesson2\Lesson2.csproj", "{669013E1-8E78-4A29-AED6-741787D09B1B}"
EndProject
Project("{9A19103F-16F7-4668-BE54-9A1E7A4F7556}") = "Lesson3", "Lesson3\Lesson3.csproj", "{CE9964DF-5659-4777-9135-8098CF48FC00}"
EndProject
Project("{9A19103F-16F7-4668-BE54-9A1E7A4F7556}") = "Lesson4", "Lesson4\Lesson4.csproj", "{2BAE0759-6B9D-413E-BDED-008CFD65EBEE}"
EndProject
Project("{9A19103F-16F7-4668-BE54-9A1E7A4F7556}") = "Lesson5", "Lesson5\Lesson5.csproj", "{D69C24DC-2F11-49D4-9932-377DF43536E7}"
EndProject
Project("{9A19103F-16F7-4668-BE54-9A1E7A4F7556}") = "Lesson5.5", "Lesson5.5\Lesson5.5.csproj", "{0716347D-7ABC-4A67-9DAB-BB7BEE4CB95D}"
EndProject
Project("{9A19103F-16F7-4668-BE54-9A1E7A4F7556}") = "Lesson6", "Lesson6\Lesson6.csproj", "{30661225-1EDC-4764-B954-A281D2BA9FE3}"
EndProject
Project("{9A19103F-16F7-4668-BE54-9A1E7A4F7556}") = "Lesson7", "Lesson7\Lesson7.csproj", "{47F44599-E20B-452B-8091-611878D8BCC9}"
EndProject
Project("{9A19103F-16F7-4668-BE54-9A1E7A4F7556}") = "Lesson8", "Lesson7.5\Lesson8.csproj", "{9CC2C910-E348-464A-BE77-9D403F83D018}"
EndProject
Project("{9A19103F-16F7-4668-BE54-9A1E7A4F7556}") = "LAB_3.3", "LAB_3.3\LAB_3.3.csproj", "{9D29BF0B-400C-4C87-9171-3C511A25E5D3}"
EndProject
Project("{9A19103F-16F7-4668-BE54-9A1E7A4F7556}") = "lesson10", "lesson10\lesson10.csproj", "{94C7169A-4F55-4949-AFC0-7E4D172B7FDA}"
EndProject
Project("{9A19103F-16F7-4668-BE54-9A1E7A4F7556}") = "LAB_3.4", "LAB_3.4\LAB_3.4.csproj", "{C35FABAE-887E-44BA-9553-48B170E72B31}"
EndProject
Project("{9A19103F-16F7-4668-BE54-9A1E7A4F7556}") = "Lesson11", "Lesson11\Lesson11.csproj", "{B3F941E5-17B0-4425-BDE7-F8D629A532D5}"
EndProject
Project("{9A19103F-16F7-4668-BE54-9A1E7A4F7556}") = "Lesson12", "Lesson12\Lesson12.csproj", "{80289020-C9AC-43D2-B898-40433852FB20}"
EndProject
Project("{9A19103F-16F7-4668-BE54-9A1E7A4F7556}") = "lesson13", "lesson13\lesson13.csproj", "{1227BAE2-CFEB-42DB-9D77-99DFC17536FF}"
EndProject
Project("{9A19103F-16F7-4668-BE54-9A1E7A4F7556}") = "LAB_4.2", "LAB_4.2\LAB_4.2.csproj", "{53384598-D3C1-4444-9865-0BEB315E44B1}"
EndProject
Project("{9A19103F-16F7-4668-BE54-9A1E7A4F7556}") = "lesson14", "lesson14\lesson14.csproj", "{5479B56B-5DF6-4E93-9C65-20021139700F}"
EndProject
Project("{9A19103F-16F7-4668-BE54-9A1E7A4F7556}") = "lesson15", "lesson15\lesson15.csproj", "{E735166A-2868-4037-9E3E-B9E26AC54763}"
EndProject
Project("{9A19103F-16F7-4668-BE54-9A1E7A4F7556}") = "LAB_5.2", "LAB_5.2\LAB_5.2.csproj", "{5F655B8F-FE7A-4D96-B4F2-7CC517156A38}"
EndProject
Project("{9A19103F-16F7-4668-BE54-9A1E7A4F7556}") = "lesson16", "lesson16\lesson16.csproj", "{342725C3-8B55-4C08-B37B-0729233F0456}"
EndProject
Project("{9A19103F-16F7-4668-BE54-9A1E7A4F7556}") = "lesson17", "lesson17\lesson17.csproj", "{FC4B1F88-EE71-4438-A05C-C2E1475A6A22}"
EndProject
Project("{9A19103F-16F7-4668-BE54-9A1E7A4F7556}") = "LAB_5.1", "LAB_5.1\LAB_5.1.csproj", "{790F7F26-563E-4FF4-B8D2-B0605DD5A603}"
EndProject
Project("{9A19103F-16F7-4668-BE54-9A1E7A4F7556}") = "lesson18", "lesson18\lesson18.csproj", "{5C19B524-5FAC-4A7E-A158-1189A7772A7C}"
EndProject
Project("{9A19103F-16F7-4668-BE54-9A1E7A4F7556}") = "lesson19", "lesson19\lesson19.csproj", "{54DA026D-FC17-42B4-8CA2-BA3DA128609D}"
EndProject
Project("{9A19103F-16F7-4668-BE54-9A1E7A4F7556}") = "LAB_6.2.1", "lesson20\LAB_6.2.1.csproj", "{530095C5-FA47-4682-8117-2FD44CE08AA1}"
EndProject
Project("{9A19103F-16F7-4668-BE54-9A1E7A4F7556}") = "ClassLab6_2", "ClassLab6_2\ClassLab6_2.csproj", "{0F98501A-CEFD-4722-BDB6-A20CFD2D6CC2}"
EndProject
Project("{9A19103F-16F7-4668-BE54-9A1E7A4F7556}") = "LAB_6.2", "LAB_6.2\LAB_6.2.csproj", "{FB3923A5-F58B-49B3-8BCD-A6D05F0D663F}"
EndProject
Project("{9A19103F-16F7-4668-BE54-9A1E7A4F7556}") = "ClassLibr_6_2", "ClassLibr_6.2\ClassLibr_6_2.csproj", "{C787303A-A43F-442D-A516-9C46CB8E81A7}"
EndProject
Project("{9A19103F-16F7-4668-BE54-9A1E7A4F7556}") = "lesson21", "lesson21\lesson21.csproj", "{96A866C5-0560-4CB7-9F64-F321AE350569}"
EndProject
Project("{9A19103F-16F7-4668-BE54-9A1E7A4F7556}") = "lesson22", "lesson22\lesson22.csproj", "{2A1B4AD9-706A-4DEB-BD8E-0F7B49A7C59A}"
EndProject
Project("{9A19103F-16F7-4668-BE54-9A1E7A4F7556}") = "lesson 22.2", "lesson 22.2\lesson 22.2.csproj", "{87CFDC92-AC0C-4C93-AB28-584DB5486722}"
EndProject
Project("{9A19103F-16F7-4668-BE54-9A1E7A4F7556}") = "LAB_7.1.1", "LAB_7.1.1\LAB_7.1.1.csproj", "{CD123408-4610-4079-8F07-C9900AE7D1FE}"
EndProject
Global
	GlobalSection(SolutionConfigurationPlatforms) = preSolution
		Debug|Any CPU = Debug|Any CPU
		Release|Any CPU = Release|Any CPU
	EndGlobalSection
	GlobalSection(ProjectConfigurationPlatforms) = postSolution
		{095892BE-5993-4584-A092-D4039F8A3A72}.Debug|Any CPU.ActiveCfg = Debug|Any CPU
		{095892BE-5993-4584-A092-D4039F8A3A72}.Debug|Any CPU.Build.0 = Debug|Any CPU
		{095892BE-5993-4584-A092-D4039F8A3A72}.Release|Any CPU.ActiveCfg = Release|Any CPU
		{095892BE-5993-4584-A092-D4039F8A3A72}.Release|Any CPU.Build.0 = Release|Any CPU
		{669013E1-8E78-4A29-AED6-741787D09B1B}.Debug|Any CPU.ActiveCfg = Debug|Any CPU
		{669013E1-8E78-4A29-AED6-741787D09B1B}.Debug|Any CPU.Build.0 = Debug|Any CPU
		{669013E1-8E78-4A29-AED6-741787D09B1B}.Release|Any CPU.ActiveCfg = Release|Any CPU
		{669013E1-8E78-4A29-AED6-741787D09B1B}.Release|Any CPU.Build.0 = Release|Any CPU
		{CE9964DF-5659-4777-9135-8098CF48FC00}.Debug|Any CPU.ActiveCfg = Debug|Any CPU
		{CE9964DF-5659-4777-9135-8098CF48FC00}.Debug|Any CPU.Build.0 = Debug|Any CPU
		{CE9964DF-5659-4777-9135-8098CF48FC00}.Release|Any CPU.ActiveCfg = Release|Any CPU
		{CE9964DF-5659-4777-9135-8098CF48FC00}.Release|Any CPU.Build.0 = Release|Any CPU
		{2BAE0759-6B9D-413E-BDED-008CFD65EBEE}.Debug|Any CPU.ActiveCfg = Debug|Any CPU
		{2BAE0759-6B9D-413E-BDED-008CFD65EBEE}.Debug|Any CPU.Build.0 = Debug|Any CPU
		{2BAE0759-6B9D-413E-BDED-008CFD65EBEE}.Release|Any CPU.ActiveCfg = Release|Any CPU
		{2BAE0759-6B9D-413E-BDED-008CFD65EBEE}.Release|Any CPU.Build.0 = Release|Any CPU
		{D69C24DC-2F11-49D4-9932-377DF43536E7}.Debug|Any CPU.ActiveCfg = Debug|Any CPU
		{D69C24DC-2F11-49D4-9932-377DF43536E7}.Debug|Any CPU.Build.0 = Debug|Any CPU
		{D69C24DC-2F11-49D4-9932-377DF43536E7}.Release|Any CPU.ActiveCfg = Release|Any CPU
		{D69C24DC-2F11-49D4-9932-377DF43536E7}.Release|Any CPU.Build.0 = Release|Any CPU
		{0716347D-7ABC-4A67-9DAB-BB7BEE4CB95D}.Debug|Any CPU.ActiveCfg = Debug|Any CPU
		{0716347D-7ABC-4A67-9DAB-BB7BEE4CB95D}.Debug|Any CPU.Build.0 = Debug|Any CPU
		{0716347D-7ABC-4A67-9DAB-BB7BEE4CB95D}.Release|Any CPU.ActiveCfg = Release|Any CPU
		{0716347D-7ABC-4A67-9DAB-BB7BEE4CB95D}.Release|Any CPU.Build.0 = Release|Any CPU
		{30661225-1EDC-4764-B954-A281D2BA9FE3}.Debug|Any CPU.ActiveCfg = Debug|Any CPU
		{30661225-1EDC-4764-B954-A281D2BA9FE3}.Debug|Any CPU.Build.0 = Debug|Any CPU
		{30661225-1EDC-4764-B954-A281D2BA9FE3}.Release|Any CPU.ActiveCfg = Release|Any CPU
		{30661225-1EDC-4764-B954-A281D2BA9FE3}.Release|Any CPU.Build.0 = Release|Any CPU
		{47F44599-E20B-452B-8091-611878D8BCC9}.Debug|Any CPU.ActiveCfg = Debug|Any CPU
		{47F44599-E20B-452B-8091-611878D8BCC9}.Debug|Any CPU.Build.0 = Debug|Any CPU
		{47F44599-E20B-452B-8091-611878D8BCC9}.Release|Any CPU.ActiveCfg = Release|Any CPU
		{47F44599-E20B-452B-8091-611878D8BCC9}.Release|Any CPU.Build.0 = Release|Any CPU
		{9CC2C910-E348-464A-BE77-9D403F83D018}.Debug|Any CPU.ActiveCfg = Debug|Any CPU
		{9CC2C910-E348-464A-BE77-9D403F83D018}.Debug|Any CPU.Build.0 = Debug|Any CPU
		{9CC2C910-E348-464A-BE77-9D403F83D018}.Release|Any CPU.ActiveCfg = Release|Any CPU
		{9CC2C910-E348-464A-BE77-9D403F83D018}.Release|Any CPU.Build.0 = Release|Any CPU
		{9D29BF0B-400C-4C87-9171-3C511A25E5D3}.Debug|Any CPU.ActiveCfg = Debug|Any CPU
		{9D29BF0B-400C-4C87-9171-3C511A25E5D3}.Debug|Any CPU.Build.0 = Debug|Any CPU
		{9D29BF0B-400C-4C87-9171-3C511A25E5D3}.Release|Any CPU.ActiveCfg = Release|Any CPU
		{9D29BF0B-400C-4C87-9171-3C511A25E5D3}.Release|Any CPU.Build.0 = Release|Any CPU
		{94C7169A-4F55-4949-AFC0-7E4D172B7FDA}.Debug|Any CPU.ActiveCfg = Debug|Any CPU
		{94C7169A-4F55-4949-AFC0-7E4D172B7FDA}.Debug|Any CPU.Build.0 = Debug|Any CPU
		{94C7169A-4F55-4949-AFC0-7E4D172B7FDA}.Release|Any CPU.ActiveCfg = Release|Any CPU
		{94C7169A-4F55-4949-AFC0-7E4D172B7FDA}.Release|Any CPU.Build.0 = Release|Any CPU
		{C35FABAE-887E-44BA-9553-48B170E72B31}.Debug|Any CPU.ActiveCfg = Debug|Any CPU
		{C35FABAE-887E-44BA-9553-48B170E72B31}.Debug|Any CPU.Build.0 = Debug|Any CPU
		{C35FABAE-887E-44BA-9553-48B170E72B31}.Release|Any CPU.ActiveCfg = Release|Any CPU
		{C35FABAE-887E-44BA-9553-48B170E72B31}.Release|Any CPU.Build.0 = Release|Any CPU
		{B3F941E5-17B0-4425-BDE7-F8D629A532D5}.Debug|Any CPU.ActiveCfg = Debug|Any CPU
		{B3F941E5-17B0-4425-BDE7-F8D629A532D5}.Debug|Any CPU.Build.0 = Debug|Any CPU
		{B3F941E5-17B0-4425-BDE7-F8D629A532D5}.Release|Any CPU.ActiveCfg = Release|Any CPU
		{B3F941E5-17B0-4425-BDE7-F8D629A532D5}.Release|Any CPU.Build.0 = Release|Any CPU
		{80289020-C9AC-43D2-B898-40433852FB20}.Debug|Any CPU.ActiveCfg = Debug|Any CPU
		{80289020-C9AC-43D2-B898-40433852FB20}.Debug|Any CPU.Build.0 = Debug|Any CPU
		{80289020-C9AC-43D2-B898-40433852FB20}.Release|Any CPU.ActiveCfg = Release|Any CPU
		{80289020-C9AC-43D2-B898-40433852FB20}.Release|Any CPU.Build.0 = Release|Any CPU
		{1227BAE2-CFEB-42DB-9D77-99DFC17536FF}.Debug|Any CPU.ActiveCfg = Debug|Any CPU
		{1227BAE2-CFEB-42DB-9D77-99DFC17536FF}.Debug|Any CPU.Build.0 = Debug|Any CPU
		{1227BAE2-CFEB-42DB-9D77-99DFC17536FF}.Release|Any CPU.ActiveCfg = Release|Any CPU
		{1227BAE2-CFEB-42DB-9D77-99DFC17536FF}.Release|Any CPU.Build.0 = Release|Any CPU
		{53384598-D3C1-4444-9865-0BEB315E44B1}.Debug|Any CPU.ActiveCfg = Debug|Any CPU
		{53384598-D3C1-4444-9865-0BEB315E44B1}.Debug|Any CPU.Build.0 = Debug|Any CPU
		{53384598-D3C1-4444-9865-0BEB315E44B1}.Release|Any CPU.ActiveCfg = Release|Any CPU
		{53384598-D3C1-4444-9865-0BEB315E44B1}.Release|Any CPU.Build.0 = Release|Any CPU
		{5479B56B-5DF6-4E93-9C65-20021139700F}.Debug|Any CPU.ActiveCfg = Debug|Any CPU
		{5479B56B-5DF6-4E93-9C65-20021139700F}.Debug|Any CPU.Build.0 = Debug|Any CPU
		{5479B56B-5DF6-4E93-9C65-20021139700F}.Release|Any CPU.ActiveCfg = Release|Any CPU
		{5479B56B-5DF6-4E93-9C65-20021139700F}.Release|Any CPU.Build.0 = Release|Any CPU
		{E735166A-2868-4037-9E3E-B9E26AC54763}.Debug|Any CPU.ActiveCfg = Debug|Any CPU
		{E735166A-2868-4037-9E3E-B9E26AC54763}.Debug|Any CPU.Build.0 = Debug|Any CPU
		{E735166A-2868-4037-9E3E-B9E26AC54763}.Release|Any CPU.ActiveCfg = Release|Any CPU
		{E735166A-2868-4037-9E3E-B9E26AC54763}.Release|Any CPU.Build.0 = Release|Any CPU
		{5F655B8F-FE7A-4D96-B4F2-7CC517156A38}.Debug|Any CPU.ActiveCfg = Debug|Any CPU
		{5F655B8F-FE7A-4D96-B4F2-7CC517156A38}.Debug|Any CPU.Build.0 = Debug|Any CPU
		{5F655B8F-FE7A-4D96-B4F2-7CC517156A38}.Release|Any CPU.ActiveCfg = Release|Any CPU
		{5F655B8F-FE7A-4D96-B4F2-7CC517156A38}.Release|Any CPU.Build.0 = Release|Any CPU
		{342725C3-8B55-4C08-B37B-0729233F0456}.Debug|Any CPU.ActiveCfg = Debug|Any CPU
		{342725C3-8B55-4C08-B37B-0729233F0456}.Debug|Any CPU.Build.0 = Debug|Any CPU
		{342725C3-8B55-4C08-B37B-0729233F0456}.Release|Any CPU.ActiveCfg = Release|Any CPU
		{342725C3-8B55-4C08-B37B-0729233F0456}.Release|Any CPU.Build.0 = Release|Any CPU
		{FC4B1F88-EE71-4438-A05C-C2E1475A6A22}.Debug|Any CPU.ActiveCfg = Debug|Any CPU
		{FC4B1F88-EE71-4438-A05C-C2E1475A6A22}.Debug|Any CPU.Build.0 = Debug|Any CPU
		{FC4B1F88-EE71-4438-A05C-C2E1475A6A22}.Release|Any CPU.ActiveCfg = Release|Any CPU
		{FC4B1F88-EE71-4438-A05C-C2E1475A6A22}.Release|Any CPU.Build.0 = Release|Any CPU
		{790F7F26-563E-4FF4-B8D2-B0605DD5A603}.Debug|Any CPU.ActiveCfg = Debug|Any CPU
		{790F7F26-563E-4FF4-B8D2-B0605DD5A603}.Debug|Any CPU.Build.0 = Debug|Any CPU
		{790F7F26-563E-4FF4-B8D2-B0605DD5A603}.Release|Any CPU.ActiveCfg = Release|Any CPU
		{790F7F26-563E-4FF4-B8D2-B0605DD5A603}.Release|Any CPU.Build.0 = Release|Any CPU
		{5C19B524-5FAC-4A7E-A158-1189A7772A7C}.Debug|Any CPU.ActiveCfg = Debug|Any CPU
		{5C19B524-5FAC-4A7E-A158-1189A7772A7C}.Debug|Any CPU.Build.0 = Debug|Any CPU
		{5C19B524-5FAC-4A7E-A158-1189A7772A7C}.Release|Any CPU.ActiveCfg = Release|Any CPU
		{5C19B524-5FAC-4A7E-A158-1189A7772A7C}.Release|Any CPU.Build.0 = Release|Any CPU
		{54DA026D-FC17-42B4-8CA2-BA3DA128609D}.Debug|Any CPU.ActiveCfg = Debug|Any CPU
		{54DA026D-FC17-42B4-8CA2-BA3DA128609D}.Debug|Any CPU.Build.0 = Debug|Any CPU
		{54DA026D-FC17-42B4-8CA2-BA3DA128609D}.Release|Any CPU.ActiveCfg = Release|Any CPU
		{54DA026D-FC17-42B4-8CA2-BA3DA128609D}.Release|Any CPU.Build.0 = Release|Any CPU
		{530095C5-FA47-4682-8117-2FD44CE08AA1}.Debug|Any CPU.ActiveCfg = Debug|Any CPU
		{530095C5-FA47-4682-8117-2FD44CE08AA1}.Debug|Any CPU.Build.0 = Debug|Any CPU
		{530095C5-FA47-4682-8117-2FD44CE08AA1}.Release|Any CPU.ActiveCfg = Release|Any CPU
		{530095C5-FA47-4682-8117-2FD44CE08AA1}.Release|Any CPU.Build.0 = Release|Any CPU
		{0F98501A-CEFD-4722-BDB6-A20CFD2D6CC2}.Debug|Any CPU.ActiveCfg = Debug|Any CPU
		{0F98501A-CEFD-4722-BDB6-A20CFD2D6CC2}.Debug|Any CPU.Build.0 = Debug|Any CPU
		{0F98501A-CEFD-4722-BDB6-A20CFD2D6CC2}.Release|Any CPU.ActiveCfg = Release|Any CPU
		{0F98501A-CEFD-4722-BDB6-A20CFD2D6CC2}.Release|Any CPU.Build.0 = Release|Any CPU
		{FB3923A5-F58B-49B3-8BCD-A6D05F0D663F}.Debug|Any CPU.ActiveCfg = Debug|Any CPU
		{FB3923A5-F58B-49B3-8BCD-A6D05F0D663F}.Debug|Any CPU.Build.0 = Debug|Any CPU
		{FB3923A5-F58B-49B3-8BCD-A6D05F0D663F}.Release|Any CPU.ActiveCfg = Release|Any CPU
		{FB3923A5-F58B-49B3-8BCD-A6D05F0D663F}.Release|Any CPU.Build.0 = Release|Any CPU
		{C787303A-A43F-442D-A516-9C46CB8E81A7}.Debug|Any CPU.ActiveCfg = Debug|Any CPU
		{C787303A-A43F-442D-A516-9C46CB8E81A7}.Debug|Any CPU.Build.0 = Debug|Any CPU
		{C787303A-A43F-442D-A516-9C46CB8E81A7}.Release|Any CPU.ActiveCfg = Release|Any CPU
		{C787303A-A43F-442D-A516-9C46CB8E81A7}.Release|Any CPU.Build.0 = Release|Any CPU
		{96A866C5-0560-4CB7-9F64-F321AE350569}.Debug|Any CPU.ActiveCfg = Debug|Any CPU
		{96A866C5-0560-4CB7-9F64-F321AE350569}.Debug|Any CPU.Build.0 = Debug|Any CPU
		{96A866C5-0560-4CB7-9F64-F321AE350569}.Release|Any CPU.ActiveCfg = Release|Any CPU
		{96A866C5-0560-4CB7-9F64-F321AE350569}.Release|Any CPU.Build.0 = Release|Any CPU
		{2A1B4AD9-706A-4DEB-BD8E-0F7B49A7C59A}.Debug|Any CPU.ActiveCfg = Debug|Any CPU
		{2A1B4AD9-706A-4DEB-BD8E-0F7B49A7C59A}.Debug|Any CPU.Build.0 = Debug|Any CPU
		{2A1B4AD9-706A-4DEB-BD8E-0F7B49A7C59A}.Release|Any CPU.ActiveCfg = Release|Any CPU
		{2A1B4AD9-706A-4DEB-BD8E-0F7B49A7C59A}.Release|Any CPU.Build.0 = Release|Any CPU
		{87CFDC92-AC0C-4C93-AB28-584DB5486722}.Debug|Any CPU.ActiveCfg = Debug|Any CPU
		{87CFDC92-AC0C-4C93-AB28-584DB5486722}.Debug|Any CPU.Build.0 = Debug|Any CPU
		{87CFDC92-AC0C-4C93-AB28-584DB5486722}.Release|Any CPU.ActiveCfg = Release|Any CPU
		{87CFDC92-AC0C-4C93-AB28-584DB5486722}.Release|Any CPU.Build.0 = Release|Any CPU
		{CD123408-4610-4079-8F07-C9900AE7D1FE}.Debug|Any CPU.ActiveCfg = Debug|Any CPU
		{CD123408-4610-4079-8F07-C9900AE7D1FE}.Debug|Any CPU.Build.0 = Debug|Any CPU
		{CD123408-4610-4079-8F07-C9900AE7D1FE}.Release|Any CPU.ActiveCfg = Release|Any CPU
		{CD123408-4610-4079-8F07-C9900AE7D1FE}.Release|Any CPU.Build.0 = Release|Any CPU
	EndGlobalSection
	GlobalSection(SolutionProperties) = preSolution
		HideSolutionNode = FALSE
	EndGlobalSection
	GlobalSection(ExtensibilityGlobals) = postSolution
		SolutionGuid = {3A148A72-3688-4B52-99F4-1B1C466EF924}
	EndGlobalSection
EndGlobal
